
Microsoft Visual Studio Solution File, Format Version 12.00
# Visual Studio 15
VisualStudioVersion = 15.0.27130.2027
MinimumVisualStudioVersion = 10.0.40219.1
Project("{8BC9CEB8-8B4A-11D0-8D11-00A0C91BC942}") = "XEngine", "XEngine\XEngine.vcxproj", "{8D37AB2B-38F7-4ABE-990C-8C151A8709AD}"
EndProject
Project("{8BC9CEB8-8B4A-11D0-8D11-00A0C91BC942}") = "XLib", "XLib\XLib.vcxproj", "{DF81A513-72E3-4B74-B866-97F3BB61D45F}"
EndProject
Project("{8BC9CEB8-8B4A-11D0-8D11-00A0C91BC942}") = "XEngine.FBXImporter", "XEngine.FBXImporter\XEngine.FBXImporter.vcxproj", "{AD296485-F4CB-4B8C-9360-9812350F72D3}"
EndProject
Project("{8BC9CEB8-8B4A-11D0-8D11-00A0C91BC942}") = "BVHBuilderSample", "BVHBuilderSample\BVHBuilderSample.vcxproj", "{3472F0A8-6D84-48C4-96A8-C5162DF2BFA8}"
EndProject
Project("{8BC9CEB8-8B4A-11D0-8D11-00A0C91BC942}") = "XEngine.Core", "XEngine.Core\XEngine.Core.vcxproj", "{B8914A5B-A366-4B57-86FD-788A6DFD14F6}"
EndProject
Project("{8BC9CEB8-8B4A-11D0-8D11-00A0C91BC942}") = "XEngine.Render", "XEngine.Render\XEngine.Render.vcxproj", "{25B57CC9-0F71-4901-BA27-3EA9952FA23C}"
EndProject
Project("{8BC9CEB8-8B4A-11D0-8D11-00A0C91BC942}") = "GameSample1", "GameSample1\GameSample1.vcxproj", "{49E97366-0D25-4597-8DB6-F85F5BBA50EB}"
EndProject
Global
	GlobalSection(SolutionConfigurationPlatforms) = preSolution
		Debug|x64 = Debug|x64
		Debug|x86 = Debug|x86
		Release|x64 = Release|x64
		Release|x86 = Release|x86
	EndGlobalSection
	GlobalSection(ProjectConfigurationPlatforms) = postSolution
		{8D37AB2B-38F7-4ABE-990C-8C151A8709AD}.Debug|x64.ActiveCfg = Debug|x64
		{8D37AB2B-38F7-4ABE-990C-8C151A8709AD}.Debug|x64.Build.0 = Debug|x64
		{8D37AB2B-38F7-4ABE-990C-8C151A8709AD}.Debug|x86.ActiveCfg = Debug|Win32
		{8D37AB2B-38F7-4ABE-990C-8C151A8709AD}.Debug|x86.Build.0 = Debug|Win32
		{8D37AB2B-38F7-4ABE-990C-8C151A8709AD}.Release|x64.ActiveCfg = Release|x64
		{8D37AB2B-38F7-4ABE-990C-8C151A8709AD}.Release|x64.Build.0 = Release|x64
		{8D37AB2B-38F7-4ABE-990C-8C151A8709AD}.Release|x86.ActiveCfg = Release|Win32
		{8D37AB2B-38F7-4ABE-990C-8C151A8709AD}.Release|x86.Build.0 = Release|Win32
		{DF81A513-72E3-4B74-B866-97F3BB61D45F}.Debug|x64.ActiveCfg = Debug|x64
		{DF81A513-72E3-4B74-B866-97F3BB61D45F}.Debug|x64.Build.0 = Debug|x64
		{DF81A513-72E3-4B74-B866-97F3BB61D45F}.Debug|x86.ActiveCfg = Debug|Win32
		{DF81A513-72E3-4B74-B866-97F3BB61D45F}.Debug|x86.Build.0 = Debug|Win32
		{DF81A513-72E3-4B74-B866-97F3BB61D45F}.Release|x64.ActiveCfg = Release|x64
		{DF81A513-72E3-4B74-B866-97F3BB61D45F}.Release|x64.Build.0 = Release|x64
		{DF81A513-72E3-4B74-B866-97F3BB61D45F}.Release|x86.ActiveCfg = Release|Win32
		{DF81A513-72E3-4B74-B866-97F3BB61D45F}.Release|x86.Build.0 = Release|Win32
		{AD296485-F4CB-4B8C-9360-9812350F72D3}.Debug|x64.ActiveCfg = Debug|x64
		{AD296485-F4CB-4B8C-9360-9812350F72D3}.Debug|x64.Build.0 = Debug|x64
		{AD296485-F4CB-4B8C-9360-9812350F72D3}.Debug|x86.ActiveCfg = Debug|Win32
		{AD296485-F4CB-4B8C-9360-9812350F72D3}.Debug|x86.Build.0 = Debug|Win32
		{AD296485-F4CB-4B8C-9360-9812350F72D3}.Release|x64.ActiveCfg = Release|x64
		{AD296485-F4CB-4B8C-9360-9812350F72D3}.Release|x64.Build.0 = Release|x64
		{AD296485-F4CB-4B8C-9360-9812350F72D3}.Release|x86.ActiveCfg = Release|Win32
		{AD296485-F4CB-4B8C-9360-9812350F72D3}.Release|x86.Build.0 = Release|Win32
		{3472F0A8-6D84-48C4-96A8-C5162DF2BFA8}.Debug|x64.ActiveCfg = Debug|x64
		{3472F0A8-6D84-48C4-96A8-C5162DF2BFA8}.Debug|x64.Build.0 = Debug|x64
		{3472F0A8-6D84-48C4-96A8-C5162DF2BFA8}.Debug|x86.ActiveCfg = Debug|Win32
		{3472F0A8-6D84-48C4-96A8-C5162DF2BFA8}.Debug|x86.Build.0 = Debug|Win32
		{3472F0A8-6D84-48C4-96A8-C5162DF2BFA8}.Release|x64.ActiveCfg = Release|x64
		{3472F0A8-6D84-48C4-96A8-C5162DF2BFA8}.Release|x64.Build.0 = Release|x64
		{3472F0A8-6D84-48C4-96A8-C5162DF2BFA8}.Release|x86.ActiveCfg = Release|Win32
		{3472F0A8-6D84-48C4-96A8-C5162DF2BFA8}.Release|x86.Build.0 = Release|Win32
		{B8914A5B-A366-4B57-86FD-788A6DFD14F6}.Debug|x64.ActiveCfg = Debug|x64
		{B8914A5B-A366-4B57-86FD-788A6DFD14F6}.Debug|x64.Build.0 = Debug|x64
		{B8914A5B-A366-4B57-86FD-788A6DFD14F6}.Debug|x86.ActiveCfg = Debug|Win32
		{B8914A5B-A366-4B57-86FD-788A6DFD14F6}.Debug|x86.Build.0 = Debug|Win32
		{B8914A5B-A366-4B57-86FD-788A6DFD14F6}.Release|x64.ActiveCfg = Release|x64
		{B8914A5B-A366-4B57-86FD-788A6DFD14F6}.Release|x64.Build.0 = Release|x64
		{B8914A5B-A366-4B57-86FD-788A6DFD14F6}.Release|x86.ActiveCfg = Release|Win32
		{B8914A5B-A366-4B57-86FD-788A6DFD14F6}.Release|x86.Build.0 = Release|Win32
		{25B57CC9-0F71-4901-BA27-3EA9952FA23C}.Debug|x64.ActiveCfg = Debug|x64
		{25B57CC9-0F71-4901-BA27-3EA9952FA23C}.Debug|x64.Build.0 = Debug|x64
		{25B57CC9-0F71-4901-BA27-3EA9952FA23C}.Debug|x86.ActiveCfg = Debug|Win32
		{25B57CC9-0F71-4901-BA27-3EA9952FA23C}.Debug|x86.Build.0 = Debug|Win32
		{25B57CC9-0F71-4901-BA27-3EA9952FA23C}.Release|x64.ActiveCfg = Release|x64
		{25B57CC9-0F71-4901-BA27-3EA9952FA23C}.Release|x64.Build.0 = Release|x64
		{25B57CC9-0F71-4901-BA27-3EA9952FA23C}.Release|x86.ActiveCfg = Release|Win32
		{25B57CC9-0F71-4901-BA27-3EA9952FA23C}.Release|x86.Build.0 = Release|Win32
		{49E97366-0D25-4597-8DB6-F85F5BBA50EB}.Debug|x64.ActiveCfg = Debug|x64
		{49E97366-0D25-4597-8DB6-F85F5BBA50EB}.Debug|x64.Build.0 = Debug|x64
		{49E97366-0D25-4597-8DB6-F85F5BBA50EB}.Debug|x86.ActiveCfg = Debug|Win32
		{49E97366-0D25-4597-8DB6-F85F5BBA50EB}.Debug|x86.Build.0 = Debug|Win32
		{49E97366-0D25-4597-8DB6-F85F5BBA50EB}.Release|x64.ActiveCfg = Release|x64
		{49E97366-0D25-4597-8DB6-F85F5BBA50EB}.Release|x64.Build.0 = Release|x64
		{49E97366-0D25-4597-8DB6-F85F5BBA50EB}.Release|x86.ActiveCfg = Release|Win32
		{49E97366-0D25-4597-8DB6-F85F5BBA50EB}.Release|x86.Build.0 = Release|Win32
	EndGlobalSection
	GlobalSection(SolutionProperties) = preSolution
		HideSolutionNode = FALSE
	EndGlobalSection
	GlobalSection(ExtensibilityGlobals) = postSolution
		SolutionGuid = {835B3803-C827-4ABC-9569-6A0278B2C573}
	EndGlobalSection
EndGlobal
